
Microsoft Visual Studio Solution File, Format Version 12.00
# Visual Studio 14
VisualStudioVersion = 14.0.22310.1
MinimumVisualStudioVersion = 10.0.40219.1
Project("{FAE04EC0-301F-11D3-BF4B-00C04F79EFBC}") = "KafkaTest1", "KafkaTest1\KafkaTest1.csproj", "{5A316D30-2D31-4D9A-B454-FE3A14FF9FBE}"
EndProject
Global
	GlobalSection(SolutionConfigurationPlatforms) = preSolution
		Debug|Any CPU = Debug|Any CPU
		Release|Any CPU = Release|Any CPU
	EndGlobalSection
	GlobalSection(ProjectConfigurationPlatforms) = postSolution
		{5A316D30-2D31-4D9A-B454-FE3A14FF9FBE}.Debug|Any CPU.ActiveCfg = Debug|Any CPU
		{5A316D30-2D31-4D9A-B454-FE3A14FF9FBE}.Debug|Any CPU.Build.0 = Debug|Any CPU
		{5A316D30-2D31-4D9A-B454-FE3A14FF9FBE}.Release|Any CPU.ActiveCfg = Release|Any CPU
		{5A316D30-2D31-4D9A-B454-FE3A14FF9FBE}.Release|Any CPU.Build.0 = Release|Any CPU
	EndGlobalSection
	GlobalSection(SolutionProperties) = preSolution
		HideSolutionNode = FALSE
	EndGlobalSection
EndGlobal
